
Microsoft Visual Studio Solution File, Format Version 12.00
# Visual Studio Version 17
VisualStudioVersion = 17.9.34616.47
MinimumVisualStudioVersion = 10.0.40219.1
Project("{2150E333-8FDC-42A3-9474-1A3956D46DE8}") = "QuantitySystemTests", "QuantitySystemTests", "{11635727-736E-4C7D-93FE-CD36FE61917E}"
EndProject
Project("{2150E333-8FDC-42A3-9474-1A3956D46DE8}") = "Solution Items", "Solution Items", "{27291231-815B-4D24-B9C9-7ABDBEEE948E}"
	ProjectSection(SolutionItems) = preProject
		Issues.txt = Issues.txt
		LocalTestRun.testrunconfig = LocalTestRun.testrunconfig
		Multiplication Product Notes.txt = Multiplication Product Notes.txt
		OO Features.txt = OO Features.txt
		Qs Large.pdn = Qs Large.pdn
		Qs Large.png = Qs Large.png
		Qs.pdn = Qs.pdn
		Qs.png = Qs.png
		QuantitySystemSolution.vsmdi = QuantitySystemSolution.vsmdi
		What's New.txt = What's New.txt
	EndProjectSection
EndProject
Project("{2150E333-8FDC-42A3-9474-1A3956D46DE8}") = "Libraries", "Libraries", "{B97E2DDA-3B38-465E-93A4-F48A3FD5D633}"
	ProjectSection(SolutionItems) = preProject
		Libraries\ParticleLexer.dll = Libraries\ParticleLexer.dll
		Libraries\PassiveFlow.dll = Libraries\PassiveFlow.dll
		Libraries\SymbolicAlgebra.dll = Libraries\SymbolicAlgebra.dll
	EndProjectSection
EndProject
Project("{FAE04EC0-301F-11D3-BF4B-00C04F79EFBC}") = "QuantitySystemTestingProject", "QuantitySystemTestingProject\QuantitySystemTestingProject.csproj", "{6B22C63C-7927-4CB2-87A8-2BA3428570DC}"
EndProject
Project("{FAE04EC0-301F-11D3-BF4B-00C04F79EFBC}") = "UnitsTestingProject", "UnitsTestingProject\UnitsTestingProject.csproj", "{2E1B9096-614C-405F-8587-1897F451F139}"
EndProject
Project("{FAE04EC0-301F-11D3-BF4B-00C04F79EFBC}") = "QuantitySystemCalculator", "QuantitySystemCalculator\QuantitySystemCalculator.csproj", "{140E6C82-4B64-45AA-8FE1-91159322A29E}"
	ProjectSection(ProjectDependencies) = postProject
		{8ECF0F6E-AFCB-4295-BFA5-28F7E193CB7B} = {8ECF0F6E-AFCB-4295-BFA5-28F7E193CB7B}
	EndProjectSection
EndProject
Project("{FAE04EC0-301F-11D3-BF4B-00C04F79EFBC}") = "QsTestProject", "QsTestProject\QsTestProject.csproj", "{70D4A4DF-115F-440E-B97F-E76974A8AC14}"
EndProject
Project("{FAE04EC0-301F-11D3-BF4B-00C04F79EFBC}") = "QsGraphics", "QsGraphics\QsGraphics.csproj", "{8ECF0F6E-AFCB-4295-BFA5-28F7E193CB7B}"
EndProject
Project("{2150E333-8FDC-42A3-9474-1A3956D46DE8}") = "Modules", "Modules", "{FDBE8316-6E9E-4864-BEE0-97641E286A28}"
EndProject
Project("{9A19103F-16F7-4668-BE54-9A1E7A4F7556}") = "QuantitySystem", "QuantitySystem\QuantitySystem.csproj", "{A58A9859-6948-4B16-85A9-56750E07B992}"
EndProject
Project("{9A19103F-16F7-4668-BE54-9A1E7A4F7556}") = "Qs", "Qs\Qs.csproj", "{3204857E-B04A-4304-A37E-A8AC6811DB36}"
EndProject
Project("{9A19103F-16F7-4668-BE54-9A1E7A4F7556}") = "Qs.StandardScripting", "Qs.StandardScripting\Qs.StandardScripting.csproj", "{B4C8EB97-7AB2-4F23-80B6-D06434CDEDAE}"
EndProject
Global
	GlobalSection(SolutionConfigurationPlatforms) = preSolution
		Debug|Any CPU = Debug|Any CPU
		Release|Any CPU = Release|Any CPU
	EndGlobalSection
	GlobalSection(ProjectConfigurationPlatforms) = postSolution
		{6B22C63C-7927-4CB2-87A8-2BA3428570DC}.Debug|Any CPU.ActiveCfg = Debug|Any CPU
		{6B22C63C-7927-4CB2-87A8-2BA3428570DC}.Debug|Any CPU.Build.0 = Debug|Any CPU
		{6B22C63C-7927-4CB2-87A8-2BA3428570DC}.Release|Any CPU.ActiveCfg = Release|Any CPU
		{6B22C63C-7927-4CB2-87A8-2BA3428570DC}.Release|Any CPU.Build.0 = Release|Any CPU
		{2E1B9096-614C-405F-8587-1897F451F139}.Debug|Any CPU.ActiveCfg = Debug|Any CPU
		{2E1B9096-614C-405F-8587-1897F451F139}.Debug|Any CPU.Build.0 = Debug|Any CPU
		{2E1B9096-614C-405F-8587-1897F451F139}.Release|Any CPU.ActiveCfg = Release|Any CPU
		{2E1B9096-614C-405F-8587-1897F451F139}.Release|Any CPU.Build.0 = Release|Any CPU
		{140E6C82-4B64-45AA-8FE1-91159322A29E}.Debug|Any CPU.ActiveCfg = Debug|Any CPU
		{140E6C82-4B64-45AA-8FE1-91159322A29E}.Debug|Any CPU.Build.0 = Debug|Any CPU
		{140E6C82-4B64-45AA-8FE1-91159322A29E}.Release|Any CPU.ActiveCfg = Release|Any CPU
		{140E6C82-4B64-45AA-8FE1-91159322A29E}.Release|Any CPU.Build.0 = Release|Any CPU
		{70D4A4DF-115F-440E-B97F-E76974A8AC14}.Debug|Any CPU.ActiveCfg = Debug|Any CPU
		{70D4A4DF-115F-440E-B97F-E76974A8AC14}.Debug|Any CPU.Build.0 = Debug|Any CPU
		{70D4A4DF-115F-440E-B97F-E76974A8AC14}.Release|Any CPU.ActiveCfg = Release|Any CPU
		{70D4A4DF-115F-440E-B97F-E76974A8AC14}.Release|Any CPU.Build.0 = Release|Any CPU
		{8ECF0F6E-AFCB-4295-BFA5-28F7E193CB7B}.Debug|Any CPU.ActiveCfg = Debug|Any CPU
		{8ECF0F6E-AFCB-4295-BFA5-28F7E193CB7B}.Debug|Any CPU.Build.0 = Debug|Any CPU
		{8ECF0F6E-AFCB-4295-BFA5-28F7E193CB7B}.Release|Any CPU.ActiveCfg = Release|Any CPU
		{8ECF0F6E-AFCB-4295-BFA5-28F7E193CB7B}.Release|Any CPU.Build.0 = Release|Any CPU
		{A58A9859-6948-4B16-85A9-56750E07B992}.Debug|Any CPU.ActiveCfg = Debug|Any CPU
		{A58A9859-6948-4B16-85A9-56750E07B992}.Debug|Any CPU.Build.0 = Debug|Any CPU
		{A58A9859-6948-4B16-85A9-56750E07B992}.Release|Any CPU.ActiveCfg = Release|Any CPU
		{A58A9859-6948-4B16-85A9-56750E07B992}.Release|Any CPU.Build.0 = Release|Any CPU
		{3204857E-B04A-4304-A37E-A8AC6811DB36}.Debug|Any CPU.ActiveCfg = Debug|Any CPU
		{3204857E-B04A-4304-A37E-A8AC6811DB36}.Debug|Any CPU.Build.0 = Debug|Any CPU
		{3204857E-B04A-4304-A37E-A8AC6811DB36}.Release|Any CPU.ActiveCfg = Release|Any CPU
		{3204857E-B04A-4304-A37E-A8AC6811DB36}.Release|Any CPU.Build.0 = Release|Any CPU
		{B4C8EB97-7AB2-4F23-80B6-D06434CDEDAE}.Debug|Any CPU.ActiveCfg = Debug|Any CPU
		{B4C8EB97-7AB2-4F23-80B6-D06434CDEDAE}.Debug|Any CPU.Build.0 = Debug|Any CPU
		{B4C8EB97-7AB2-4F23-80B6-D06434CDEDAE}.Release|Any CPU.ActiveCfg = Release|Any CPU
		{B4C8EB97-7AB2-4F23-80B6-D06434CDEDAE}.Release|Any CPU.Build.0 = Release|Any CPU
	EndGlobalSection
	GlobalSection(SolutionProperties) = preSolution
		HideSolutionNode = FALSE
	EndGlobalSection
	GlobalSection(NestedProjects) = preSolution
		{6B22C63C-7927-4CB2-87A8-2BA3428570DC} = {11635727-736E-4C7D-93FE-CD36FE61917E}
		{2E1B9096-614C-405F-8587-1897F451F139} = {11635727-736E-4C7D-93FE-CD36FE61917E}
		{70D4A4DF-115F-440E-B97F-E76974A8AC14} = {11635727-736E-4C7D-93FE-CD36FE61917E}
		{8ECF0F6E-AFCB-4295-BFA5-28F7E193CB7B} = {FDBE8316-6E9E-4864-BEE0-97641E286A28}
	EndGlobalSection
	GlobalSection(ExtensibilityGlobals) = postSolution
		SolutionGuid = {B4ECEE40-52C2-44ED-BD35-00454F3EF285}
	EndGlobalSection
	GlobalSection(TestCaseManagementSettings) = postSolution
		CategoryFile = QuantitySystemSolution.vsmdi
	EndGlobalSection
EndGlobal
